
Microsoft Visual Studio Solution File, Format Version 12.00
# Visual Studio Version 16
VisualStudioVersion = 16.0.28803.452
MinimumVisualStudioVersion = 10.0.40219.1
Project("{FAE04EC0-301F-11D3-BF4B-00C04F79EFBC}") = "GugylDrajfApi", "GugylDrajfApi\GugylDrajfApi.csproj", "{8718E470-532E-4803-B65A-16DEF8C645A6}"
EndProject
Global
	GlobalSection(SolutionConfigurationPlatforms) = preSolution
		Debug|Any CPU = Debug|Any CPU
		Release|Any CPU = Release|Any CPU
	EndGlobalSection
	GlobalSection(ProjectConfigurationPlatforms) = postSolution
		{8718E470-532E-4803-B65A-16DEF8C645A6}.Debug|Any CPU.ActiveCfg = Debug|Any CPU
		{8718E470-532E-4803-B65A-16DEF8C645A6}.Debug|Any CPU.Build.0 = Debug|Any CPU
		{8718E470-532E-4803-B65A-16DEF8C645A6}.Release|Any CPU.ActiveCfg = Release|Any CPU
		{8718E470-532E-4803-B65A-16DEF8C645A6}.Release|Any CPU.Build.0 = Release|Any CPU
	EndGlobalSection
	GlobalSection(SolutionProperties) = preSolution
		HideSolutionNode = FALSE
	EndGlobalSection
	GlobalSection(ExtensibilityGlobals) = postSolution
		SolutionGuid = {BC7A5D7C-2B72-4E64-96F9-83603FA59998}
	EndGlobalSection
EndGlobal
